
Microsoft Visual Studio Solution File, Format Version 12.00
# Visual Studio Version 17
VisualStudioVersion = 17.2.32630.192
MinimumVisualStudioVersion = 10.0.40219.1
Project("{FAE04EC0-301F-11D3-BF4B-00C04F79EFBC}") = "DatabaseFirstDemo", "DatabaseFirstDemo\DatabaseFirstDemo.csproj", "{DF3D95A7-1A94-4021-8DD8-BB9869239BAB}"
EndProject
Project("{FAE04EC0-301F-11D3-BF4B-00C04F79EFBC}") = "CodeFirstDemo", "CodeFirstDemo\CodeFirstDemo.csproj", "{7D4E5929-DE53-4100-BB9F-63CD137738F8}"
EndProject
Project("{FAE04EC0-301F-11D3-BF4B-00C04F79EFBC}") = "DbFirst", "DbFirst\DbFirst.csproj", "{07B482C4-F90E-4FEF-943F-75D3E792FDA0}"
EndProject
Project("{FAE04EC0-301F-11D3-BF4B-00C04F79EFBC}") = "Vidzy", "Vidzy\Vidzy.csproj", "{B6EB2E03-02E6-4B15-9FBA-DB1082063452}"
EndProject
Project("{FAE04EC0-301F-11D3-BF4B-00C04F79EFBC}") = "CodeFirst", "CodeFirst\CodeFirst.csproj", "{A8C313D9-7C5C-44BE-AD0B-31F523F60A09}"
EndProject
Project("{FAE04EC0-301F-11D3-BF4B-00C04F79EFBC}") = "CodeFirstExistingDatabase", "CodeFirstExistingDatabase\CodeFirstExistingDatabase.csproj", "{CE3A3787-64A6-43D2-92F6-078AE36EB703}"
EndProject
Project("{FAE04EC0-301F-11D3-BF4B-00C04F79EFBC}") = "VidzyExercise", "VidzyExercise\VidzyExercise.csproj", "{A7A06AF1-1493-443F-815E-44107E191E74}"
EndProject
Global
	GlobalSection(SolutionConfigurationPlatforms) = preSolution
		Debug|Any CPU = Debug|Any CPU
		Release|Any CPU = Release|Any CPU
	EndGlobalSection
	GlobalSection(ProjectConfigurationPlatforms) = postSolution
		{DF3D95A7-1A94-4021-8DD8-BB9869239BAB}.Debug|Any CPU.ActiveCfg = Debug|Any CPU
		{DF3D95A7-1A94-4021-8DD8-BB9869239BAB}.Debug|Any CPU.Build.0 = Debug|Any CPU
		{DF3D95A7-1A94-4021-8DD8-BB9869239BAB}.Release|Any CPU.ActiveCfg = Release|Any CPU
		{DF3D95A7-1A94-4021-8DD8-BB9869239BAB}.Release|Any CPU.Build.0 = Release|Any CPU
		{7D4E5929-DE53-4100-BB9F-63CD137738F8}.Debug|Any CPU.ActiveCfg = Debug|Any CPU
		{7D4E5929-DE53-4100-BB9F-63CD137738F8}.Debug|Any CPU.Build.0 = Debug|Any CPU
		{7D4E5929-DE53-4100-BB9F-63CD137738F8}.Release|Any CPU.ActiveCfg = Release|Any CPU
		{7D4E5929-DE53-4100-BB9F-63CD137738F8}.Release|Any CPU.Build.0 = Release|Any CPU
		{07B482C4-F90E-4FEF-943F-75D3E792FDA0}.Debug|Any CPU.ActiveCfg = Debug|Any CPU
		{07B482C4-F90E-4FEF-943F-75D3E792FDA0}.Debug|Any CPU.Build.0 = Debug|Any CPU
		{07B482C4-F90E-4FEF-943F-75D3E792FDA0}.Release|Any CPU.ActiveCfg = Release|Any CPU
		{07B482C4-F90E-4FEF-943F-75D3E792FDA0}.Release|Any CPU.Build.0 = Release|Any CPU
		{B6EB2E03-02E6-4B15-9FBA-DB1082063452}.Debug|Any CPU.ActiveCfg = Debug|Any CPU
		{B6EB2E03-02E6-4B15-9FBA-DB1082063452}.Debug|Any CPU.Build.0 = Debug|Any CPU
		{B6EB2E03-02E6-4B15-9FBA-DB1082063452}.Release|Any CPU.ActiveCfg = Release|Any CPU
		{B6EB2E03-02E6-4B15-9FBA-DB1082063452}.Release|Any CPU.Build.0 = Release|Any CPU
		{A8C313D9-7C5C-44BE-AD0B-31F523F60A09}.Debug|Any CPU.ActiveCfg = Debug|Any CPU
		{A8C313D9-7C5C-44BE-AD0B-31F523F60A09}.Debug|Any CPU.Build.0 = Debug|Any CPU
		{A8C313D9-7C5C-44BE-AD0B-31F523F60A09}.Release|Any CPU.ActiveCfg = Release|Any CPU
		{A8C313D9-7C5C-44BE-AD0B-31F523F60A09}.Release|Any CPU.Build.0 = Release|Any CPU
		{CE3A3787-64A6-43D2-92F6-078AE36EB703}.Debug|Any CPU.ActiveCfg = Debug|Any CPU
		{CE3A3787-64A6-43D2-92F6-078AE36EB703}.Debug|Any CPU.Build.0 = Debug|Any CPU
		{CE3A3787-64A6-43D2-92F6-078AE36EB703}.Release|Any CPU.ActiveCfg = Release|Any CPU
		{CE3A3787-64A6-43D2-92F6-078AE36EB703}.Release|Any CPU.Build.0 = Release|Any CPU
		{A7A06AF1-1493-443F-815E-44107E191E74}.Debug|Any CPU.ActiveCfg = Debug|Any CPU
		{A7A06AF1-1493-443F-815E-44107E191E74}.Debug|Any CPU.Build.0 = Debug|Any CPU
		{A7A06AF1-1493-443F-815E-44107E191E74}.Release|Any CPU.ActiveCfg = Release|Any CPU
		{A7A06AF1-1493-443F-815E-44107E191E74}.Release|Any CPU.Build.0 = Release|Any CPU
	EndGlobalSection
	GlobalSection(SolutionProperties) = preSolution
		HideSolutionNode = FALSE
	EndGlobalSection
	GlobalSection(ExtensibilityGlobals) = postSolution
		SolutionGuid = {80AAB5EC-1B09-413A-B98E-C41AC1B6A72D}
	EndGlobalSection
EndGlobal
